
Microsoft Visual Studio Solution File, Format Version 12.00
# Visual Studio Version 16
VisualStudioVersion = 16.0.31624.102
MinimumVisualStudioVersion = 10.0.40219.1
Project("{FAE04EC0-301F-11D3-BF4B-00C04F79EFBC}") = "Query Engine", "Query Engine\Query Engine.csproj", "{FC0D9A9B-C9D7-42E0-ABA3-CDDDE821ED5E}"
EndProject
Global
	GlobalSection(SolutionConfigurationPlatforms) = preSolution
		Debug|Any CPU = Debug|Any CPU
		Release|Any CPU = Release|Any CPU
	EndGlobalSection
	GlobalSection(ProjectConfigurationPlatforms) = postSolution
		{FC0D9A9B-C9D7-42E0-ABA3-CDDDE821ED5E}.Debug|Any CPU.ActiveCfg = Debug|Any CPU
		{FC0D9A9B-C9D7-42E0-ABA3-CDDDE821ED5E}.Debug|Any CPU.Build.0 = Debug|Any CPU
		{FC0D9A9B-C9D7-42E0-ABA3-CDDDE821ED5E}.Release|Any CPU.ActiveCfg = Release|Any CPU
		{FC0D9A9B-C9D7-42E0-ABA3-CDDDE821ED5E}.Release|Any CPU.Build.0 = Release|Any CPU
	EndGlobalSection
	GlobalSection(SolutionProperties) = preSolution
		HideSolutionNode = FALSE
	EndGlobalSection
	GlobalSection(ExtensibilityGlobals) = postSolution
		SolutionGuid = {19A1ED26-85BC-40F4-909C-DC41135C675A}
	EndGlobalSection
EndGlobal
